
Microsoft Visual Studio Solution File, Format Version 12.00
# Visual Studio Version 17
VisualStudioVersion = 17.0.31912.275
MinimumVisualStudioVersion = 10.0.40219.1
Project("{9A19103F-16F7-4668-BE54-9A1E7A4F7556}") = "DateTimeOnly", "DateTimeOnly\DateTimeOnly.csproj", "{D7674F6D-324C-4D4B-B6C1-F5DAD6BFAEC4}"
EndProject
Project("{9A19103F-16F7-4668-BE54-9A1E7A4F7556}") = "DateTimeOnly.Tests", "DateTimeOnly.Tests\DateTimeOnly.Tests.csproj", "{B49C4398-1039-4B06-818C-5557944CEFFC}"
EndProject
Project("{2150E333-8FDC-42A3-9474-1A3956D46DE8}") = "Solution", "Solution", "{B3778CF4-B949-4FAA-A651-FAE05B518963}"
	ProjectSection(SolutionItems) = preProject
		.github\workflows\coverage.yml = .github\workflows\coverage.yml
		.github\workflows\lockfiles.yml = .github\workflows\lockfiles.yml
		README.md = README.md
		.github\workflows\release.yml = .github\workflows\release.yml
	EndProjectSection
EndProject
Project("{9A19103F-16F7-4668-BE54-9A1E7A4F7556}") = "DateTimeOnly.Json", "DateTimeOnly.Json\DateTimeOnly.Json.csproj", "{0E872FD1-BDF5-40A0-AAF2-D42CAC8DCE5E}"
EndProject
Global
	GlobalSection(SolutionConfigurationPlatforms) = preSolution
		Debug|Any CPU = Debug|Any CPU
		Release|Any CPU = Release|Any CPU
	EndGlobalSection
	GlobalSection(ProjectConfigurationPlatforms) = postSolution
		{D7674F6D-324C-4D4B-B6C1-F5DAD6BFAEC4}.Debug|Any CPU.ActiveCfg = Debug|Any CPU
		{D7674F6D-324C-4D4B-B6C1-F5DAD6BFAEC4}.Debug|Any CPU.Build.0 = Debug|Any CPU
		{D7674F6D-324C-4D4B-B6C1-F5DAD6BFAEC4}.Release|Any CPU.ActiveCfg = Release|Any CPU
		{D7674F6D-324C-4D4B-B6C1-F5DAD6BFAEC4}.Release|Any CPU.Build.0 = Release|Any CPU
		{B49C4398-1039-4B06-818C-5557944CEFFC}.Debug|Any CPU.ActiveCfg = Debug|Any CPU
		{B49C4398-1039-4B06-818C-5557944CEFFC}.Debug|Any CPU.Build.0 = Debug|Any CPU
		{B49C4398-1039-4B06-818C-5557944CEFFC}.Release|Any CPU.ActiveCfg = Release|Any CPU
		{B49C4398-1039-4B06-818C-5557944CEFFC}.Release|Any CPU.Build.0 = Release|Any CPU
		{0E872FD1-BDF5-40A0-AAF2-D42CAC8DCE5E}.Debug|Any CPU.ActiveCfg = Debug|Any CPU
		{0E872FD1-BDF5-40A0-AAF2-D42CAC8DCE5E}.Debug|Any CPU.Build.0 = Debug|Any CPU
		{0E872FD1-BDF5-40A0-AAF2-D42CAC8DCE5E}.Release|Any CPU.ActiveCfg = Release|Any CPU
		{0E872FD1-BDF5-40A0-AAF2-D42CAC8DCE5E}.Release|Any CPU.Build.0 = Release|Any CPU
	EndGlobalSection
	GlobalSection(SolutionProperties) = preSolution
		HideSolutionNode = FALSE
	EndGlobalSection
	GlobalSection(ExtensibilityGlobals) = postSolution
		SolutionGuid = {37E4C162-B9DE-4341-9D1D-B1268DD3A9B3}
	EndGlobalSection
EndGlobal
